// !$*UTF8*$!
{
	archiveVersion = 1;
	classes = {
	};
	objectVersion = 46;
	objects = {

/* Begin PBXBuildFile section */
		290E534A1EDCAA710086351B /* AppDelegate.swift in Sources */ = {isa = PBXBuildFile; fileRef = 290E53491EDCAA710086351B /* AppDelegate.swift */; };
		290E534C1EDCAA710086351B /* ViewController.swift in Sources */ = {isa = PBXBuildFile; fileRef = 290E534B1EDCAA710086351B /* ViewController.swift */; };
		290E534F1EDCAA710086351B /* Main.storyboard in Resources */ = {isa = PBXBuildFile; fileRef = 290E534D1EDCAA710086351B /* Main.storyboard */; };
		290E53511EDCAA710086351B /* Assets.xcassets in Resources */ = {isa = PBXBuildFile; fileRef = 290E53501EDCAA710086351B /* Assets.xcassets */; };
		290E53541EDCAA710086351B /* LaunchScreen.storyboard in Resources */ = {isa = PBXBuildFile; fileRef = 290E53521EDCAA710086351B /* LaunchScreen.storyboard */; };
		2983D6821EDD2A45003E6C25 /* turnOn.mp3 in Resources */ = {isa = PBXBuildFile; fileRef = 2983D67C1EDD2A45003E6C25 /* turnOn.mp3 */; };
		2983D6831EDD2A45003E6C25 /* turnOff.wav in Resources */ = {isa = PBXBuildFile; fileRef = 2983D67D1EDD2A45003E6C25 /* turnOff.wav */; };
		2983D6841EDD2A45003E6C25 /* hit.wav in Resources */ = {isa = PBXBuildFile; fileRef = 2983D67E1EDD2A45003E6C25 /* hit.wav */; };
		2983D6851EDD2A45003E6C25 /* swing1.wav in Resources */ = {isa = PBXBuildFile; fileRef = 2983D67F1EDD2A45003E6C25 /* swing1.wav */; };
		2983D6861EDD2A45003E6C25 /* deflect.wav in Resources */ = {isa = PBXBuildFile; fileRef = 2983D6801EDD2A45003E6C25 /* deflect.wav */; };
		2983D6871EDD2A45003E6C25 /* swing2.wav in Resources */ = {isa = PBXBuildFile; fileRef = 2983D6811EDD2A45003E6C25 /* swing2.wav */; };
/* End PBXBuildFile section */

/* Begin PBXFileReference section */
		290E53461EDCAA710086351B /* Lifesaber.app */ = {isa = PBXFileReference; explicitFileType = wrapper.application; includeInIndex = 0; path = Lifesaber.app; sourceTree = BUILT_PRODUCTS_DIR; };
		290E53491EDCAA710086351B /* AppDelegate.swift */ = {isa = PBXFileReference; lastKnownFileType = sourcecode.swift; path = AppDelegate.swift; sourceTree = "<group>"; };
		290E534B1EDCAA710086351B /* ViewController.swift */ = {isa = PBXFileReference; lastKnownFileType = sourcecode.swift; path = ViewController.swift; sourceTree = "<group>"; };
		290E534E1EDCAA710086351B /* Base */ = {isa = PBXFileReference; lastKnownFileType = file.storyboard; name = Base; path = Base.lproj/Main.storyboard; sourceTree = "<group>"; };
		290E53501EDCAA710086351B /* Assets.xcassets */ = {isa = PBXFileReference; lastKnownFileType = folder.assetcatalog; path = Assets.xcassets; sourceTree = "<group>"; };
		290E53531EDCAA710086351B /* Base */ = {isa = PBXFileReference; lastKnownFileType = file.storyboard; name = Base; path = Base.lproj/LaunchScreen.storyboard; sourceTree = "<group>"; };
		290E53551EDCAA710086351B /* Info.plist */ = {isa = PBXFileReference; lastKnownFileType = text.plist.xml; path = Info.plist; sourceTree = "<group>"; };
		2983D67C1EDD2A45003E6C25 /* turnOn.mp3 */ = {isa = PBXFileReference; lastKnownFileType = audio.mp3; path = turnOn.mp3; sourceTree = "<group>"; };
		2983D67D1EDD2A45003E6C25 /* turnOff.wav */ = {isa = PBXFileReference; lastKnownFileType = audio.wav; path = turnOff.wav; sourceTree = "<group>"; };
		2983D67E1EDD2A45003E6C25 /* hit.wav */ = {isa = PBXFileReference; lastKnownFileType = audio.wav; path = hit.wav; sourceTree = "<group>"; };
		2983D67F1EDD2A45003E6C25 /* swing1.wav */ = {isa = PBXFileReference; lastKnownFileType = audio.wav; path = swing1.wav; sourceTree = "<group>"; };
		2983D6801EDD2A45003E6C25 /* deflect.wav */ = {isa = PBXFileReference; lastKnownFileType = audio.wav; path = deflect.wav; sourceTree = "<group>"; };
		2983D6811EDD2A45003E6C25 /* swing2.wav */ = {isa = PBXFileReference; lastKnownFileType = audio.wav; path = swing2.wav; sourceTree = "<group>"; };
/* End PBXFileReference section */

/* Begin PBXFrameworksBuildPhase section */
		290E53431EDCAA710086351B /* Frameworks */ = {
			isa = PBXFrameworksBuildPhase;
			buildActionMask = 2147483647;
			files = (
			);
			runOnlyForDeploymentPostprocessing = 0;
		};
/* End PBXFrameworksBuildPhase section */

/* Begin PBXGroup section */
		290E533D1EDCAA710086351B = {
			isa = PBXGroup;
			children = (
				290E53481EDCAA710086351B /* Lifesaber */,
				290E53471EDCAA710086351B /* Products */,
			);
			sourceTree = "<group>";
		};
		290E53471EDCAA710086351B /* Products */ = {
			isa = PBXGroup;
			children = (
				290E53461EDCAA710086351B /* Lifesaber.app */,
			);
			name = Products;
			sourceTree = "<group>";
		};
		290E53481EDCAA710086351B /* Lifesaber */ = {
			isa = PBXGroup;
			children = (
				290E53491EDCAA710086351B /* AppDelegate.swift */,
				290E534B1EDCAA710086351B /* ViewController.swift */,
				290E534D1EDCAA710086351B /* Main.storyboard */,
				290E53501EDCAA710086351B /* Assets.xcassets */,
				2983D67C1EDD2A45003E6C25 /* turnOn.mp3 */,
				2983D67D1EDD2A45003E6C25 /* turnOff.wav */,
				2983D67E1EDD2A45003E6C25 /* hit.wav */,
				2983D67F1EDD2A45003E6C25 /* swing1.wav */,
				2983D6801EDD2A45003E6C25 /* deflect.wav */,
				2983D6811EDD2A45003E6C25 /* swing2.wav */,
				290E53521EDCAA710086351B /* LaunchScreen.storyboard */,
				290E53551EDCAA710086351B /* Info.plist */,
			);
			path = Lifesaber;
			sourceTree = "<group>";
		};
/* End PBXGroup section */

/* Begin PBXNativeTarget section */
		290E53451EDCAA710086351B /* Lifesaber */ = {
			isa = PBXNativeTarget;
			buildConfigurationList = 290E53581EDCAA710086351B /* Build configuration list for PBXNativeTarget "Lifesaber" */;
			buildPhases = (
				290E53421EDCAA710086351B /* Sources */,
				290E53431EDCAA710086351B /* Frameworks */,
				290E53441EDCAA710086351B /* Resources */,
			);
			buildRules = (
			);
			dependencies = (
			);
			name = Lifesaber;
			productName = Lifesaber;
			productReference = 290E53461EDCAA710086351B /* Lifesaber.app */;
			productType = "com.apple.product-type.application";
		};
/* End PBXNativeTarget section */

/* Begin PBXProject section */
		290E533E1EDCAA710086351B /* Project object */ = {
			isa = PBXProject;
			attributes = {
				LastSwiftUpdateCheck = 0830;
				LastUpgradeCheck = 0830;
				ORGANIZATIONNAME = samgram;
				TargetAttributes = {
					290E53451EDCAA710086351B = {
						CreatedOnToolsVersion = 8.3.2;
						DevelopmentTeam = XWH2HPEHZ5;
						ProvisioningStyle = Automatic;
					};
				};
			};
			buildConfigurationList = 290E53411EDCAA710086351B /* Build configuration list for PBXProject "Lifesaber" */;
			compatibilityVersion = "Xcode 3.2";
			developmentRegion = English;
			hasScannedForEncodings = 0;
			knownRegions = (
				en,
				Base,
			);
			mainGroup = 290E533D1EDCAA710086351B;
			productRefGroup = 290E53471EDCAA710086351B /* Products */;
			projectDirPath = "";
			projectRoot = "";
			targets = (
				290E53451EDCAA710086351B /* Lifesaber */,
			);
		};
/* End PBXProject section */

/* Begin PBXResourcesBuildPhase section */
		290E53441EDCAA710086351B /* Resources */ = {
			isa = PBXResourcesBuildPhase;
			buildActionMask = 2147483647;
			files = (
				2983D6861EDD2A45003E6C25 /* deflect.wav in Resources */,
				290E53541EDCAA710086351B /* LaunchScreen.storyboard in Resources */,
				290E53511EDCAA710086351B /* Assets.xcassets in Resources */,
				2983D6821EDD2A45003E6C25 /* turnOn.mp3 in Resources */,
				2983D6851EDD2A45003E6C25 /* swing1.wav in Resources */,
				2983D6841EDD2A45003E6C25 /* hit.wav in Resources */,
				2983D6831EDD2A45003E6C25 /* turnOff.wav in Resources */,
				290E534F1EDCAA710086351B /* Main.storyboard in Resources */,
				2983D6871EDD2A45003E6C25 /* swing2.wav in Resources */,
			);
			runOnlyForDeploymentPostprocessing = 0;
		};
/* End PBXResourcesBuildPhase section */

/* Begin PBXSourcesBuildPhase section */
		290E53421EDCAA710086351B /* Sources */ = {
			isa = PBXSourcesBuildPhase;
			buildActionMask = 2147483647;
			files = (
				290E534C1EDCAA710086351B /* ViewController.swift in Sources */,
				290E534A1EDCAA710086351B /* AppDelegate.swift in Sources */,
			);
			runOnlyForDeploymentPostprocessing = 0;
		};
/* End PBXSourcesBuildPhase section */

/* Begin PBXVariantGroup section */
		290E534D1EDCAA710086351B /* Main.storyboard */ = {
			isa = PBXVariantGroup;
			children = (
				290E534E1EDCAA710086351B /* Base */,
			);
			name = Main.storyboard;
			sourceTree = "<group>";
		};
		290E53521EDCAA710086351B /* LaunchScreen.storyboard */ = {
			isa = PBXVariantGroup;
			children = (
				290E53531EDCAA710086351B /* Base */,
			);
			name = LaunchScreen.storyboard;
			sourceTree = "<group>";
		};
/* End PBXVariantGroup section */

/* Begin XCBuildConfiguration section */
		290E53561EDCAA710086351B /* Debug */ = {
			isa = XCBuildConfiguration;
			buildSettings = {
				ALWAYS_SEARCH_USER_PATHS = NO;
				CLANG_ANALYZER_NONNULL = YES;
				CLANG_ANALYZER_NUMBER_OBJECT_CONVERSION = YES_AGGRESSIVE;
				CLANG_CXX_LANGUAGE_STANDARD = "gnu++0x";
				CLANG_CXX_LIBRARY = "libc++";
				CLANG_ENABLE_MODULES = YES;
				CLANG_ENABLE_OBJC_ARC = YES;
				CLANG_WARN_BOOL_CONVERSION = YES;
				CLANG_WARN_CONSTANT_CONVERSION = YES;
				CLANG_WARN_DIRECT_OBJC_ISA_USAGE = YES_ERROR;
				CLANG_WARN_DOCUMENTATION_COMMENTS = YES;
				CLANG_WARN_EMPTY_BODY = YES;
				CLANG_WARN_ENUM_CONVERSION = YES;
				CLANG_WARN_INFINITE_RECURSION = YES;
				CLANG_WARN_INT_CONVERSION = YES;
				CLANG_WARN_OBJC_ROOT_CLASS = YES_ERROR;
				CLANG_WARN_SUSPICIOUS_MOVE = YES;
				CLANG_WARN_UNREACHABLE_CODE = YES;
				CLANG_WARN__DUPLICATE_METHOD_MATCH = YES;
				"CODE_SIGN_IDENTITY[sdk=iphoneos*]" = "iPhone Developer";
				COPY_PHASE_STRIP = NO;
				DEBUG_INFORMATION_FORMAT = dwarf;
				ENABLE_STRICT_OBJC_MSGSEND = YES;
				ENABLE_TESTABILITY = YES;
				GCC_C_LANGUAGE_STANDARD = gnu99;
				GCC_DYNAMIC_NO_PIC = NO;
				GCC_NO_COMMON_BLOCKS = YES;
				GCC_OPTIMIZATION_LEVEL = 0;
				GCC_PREPROCESSOR_DEFINITIONS = (
					"DEBUG=1",
					"$(inherited)",
				);
				GCC_WARN_64_TO_32_BIT_CONVERSION = YES;
				GCC_WARN_ABOUT_RETURN_TYPE = YES_ERROR;
				GCC_WARN_UNDECLARED_SELECTOR = YES;
				GCC_WARN_UNINITIALIZED_AUTOS = YES_AGGRESSIVE;
				GCC_WARN_UNUSED_FUNCTION = YES;
				GCC_WARN_UNUSED_VARIABLE = YES;
				IPHONEOS_DEPLOYMENT_TARGET = 10.3;
				MTL_ENABLE_DEBUG_INFO = YES;
				ONLY_ACTIVE_ARCH = YES;
				SDKROOT = iphoneos;
				SWIFT_ACTIVE_COMPILATION_CONDITIONS = DEBUG;
				SWIFT_OPTIMIZATION_LEVEL = "-Onone";
			};
			name = Debug;
		};
		290E53571EDCAA710086351B /* Release */ = {
			isa = XCBuildConfiguration;
			buildSettings = {
				ALWAYS_SEARCH_USER_PATHS = NO;
				CLANG_ANALYZER_NONNULL = YES;
				CLANG_ANALYZER_NUMBER_OBJECT_CONVERSION = YES_AGGRESSIVE;
				CLANG_CXX_LANGUAGE_STANDARD = "gnu++0x";
				CLANG_CXX_LIBRARY = "libc++";
				CLANG_ENABLE_MODULES = YES;
				CLANG_ENABLE_OBJC_ARC = YES;
				CLANG_WARN_BOOL_CONVERSION = YES;
				CLANG_WARN_CONSTANT_CONVERSION = YES;
				CLANG_WARN_DIRECT_OBJC_ISA_USAGE = YES_ERROR;
				CLANG_WARN_DOCUMENTATION_COMMENTS = YES;
				CLANG_WARN_EMPTY_BODY = YES;
				CLANG_WARN_ENUM_CONVERSION = YES;
				CLANG_WARN_INFINITE_RECURSION = YES;
				CLANG_WARN_INT_CONVERSION = YES;
				CLANG_WARN_OBJC_ROOT_CLASS = YES_ERROR;
				CLANG_WARN_SUSPICIOUS_MOVE = YES;
				CLANG_WARN_UNREACHABLE_CODE = YES;
				CLANG_WARN__DUPLICATE_METHOD_MATCH = YES;
				"CODE_SIGN_IDENTITY[sdk=iphoneos*]" = "iPhone Developer";
				COPY_PHASE_STRIP = NO;
				DEBUG_INFORMATION_FORMAT = "dwarf-with-dsym";
				ENABLE_NS_ASSERTIONS = NO;
				ENABLE_STRICT_OBJC_MSGSEND = YES;
				GCC_C_LANGUAGE_STANDARD = gnu99;
				GCC_NO_COMMON_BLOCKS = YES;
				GCC_WARN_64_TO_32_BIT_CONVERSION = YES;
				GCC_WARN_ABOUT_RETURN_TYPE = YES_ERROR;
				GCC_WARN_UNDECLARED_SELECTOR = YES;
				GCC_WARN_UNINITIALIZED_AUTOS = YES_AGGRESSIVE;
				GCC_WARN_UNUSED_FUNCTION = YES;
				GCC_WARN_UNUSED_VARIABLE = YES;
				IPHONEOS_DEPLOYMENT_TARGET = 10.3;
				MTL_ENABLE_DEBUG_INFO = NO;
				SDKROOT = iphoneos;
				SWIFT_OPTIMIZATION_LEVEL = "-Owholemodule";
				VALIDATE_PRODUCT = YES;
			};
			name = Release;
		};
		290E53591EDCAA710086351B /* Debug */ = {
			isa = XCBuildConfiguration;
			buildSettings = {
				ASSETCATALOG_COMPILER_APPICON_NAME = AppIcon;
				DEVELOPMENT_TEAM = XWH2HPEHZ5;
				INFOPLIST_FILE = Lifesaber/Info.plist;
				IPHONEOS_DEPLOYMENT_TARGET = 10.2.1;
				LD_RUNPATH_SEARCH_PATHS = "$(inherited) @executable_path/Frameworks";
				PRODUCT_BUNDLE_IDENTIFIER = com.samgram.Lifesaber;
				PRODUCT_NAME = "$(TARGET_NAME)";
				SWIFT_VERSION = 3.0;
			};
			name = Debug;
		};
		290E535A1EDCAA710086351B /* Release */ = {
			isa = XCBuildConfiguration;
			buildSettings = {
				ASSETCATALOG_COMPILER_APPICON_NAME = AppIcon;
				DEVELOPMENT_TEAM = XWH2HPEHZ5;
				INFOPLIST_FILE = Lifesaber/Info.plist;
				IPHONEOS_DEPLOYMENT_TARGET = 10.2.1;
				LD_RUNPATH_SEARCH_PATHS = "$(inherited) @executable_path/Frameworks";
				PRODUCT_BUNDLE_IDENTIFIER = com.samgram.Lifesaber;
				PRODUCT_NAME = "$(TARGET_NAME)";
				SWIFT_VERSION = 3.0;
			};
			name = Release;
		};
/* End XCBuildConfiguration section */

/* Begin XCConfigurationList section */
		290E53411EDCAA710086351B /* Build configuration list for PBXProject "Lifesaber" */ = {
			isa = XCConfigurationList;
			buildConfigurations = (
				290E53561EDCAA710086351B /* Debug */,
				290E53571EDCAA710086351B /* Release */,
			);
			defaultConfigurationIsVisible = 0;
			defaultConfigurationName = Release;
		};
		290E53581EDCAA710086351B /* Build configuration list for PBXNativeTarget "Lifesaber" */ = {
			isa = XCConfigurationList;
			buildConfigurations = (
				290E53591EDCAA710086351B /* Debug */,
				290E535A1EDCAA710086351B /* Release */,
			);
			defaultConfigurationIsVisible = 0;
			defaultConfigurationName = Release;
		};
/* End XCConfigurationList section */
	};
	rootObject = 290E533E1EDCAA710086351B /* Project object */;
}
